
Microsoft Visual Studio Solution File, Format Version 12.00
# Visual Studio Version 17
VisualStudioVersion = 17.7.34031.279
MinimumVisualStudioVersion = 10.0.40219.1
Project("{9A19103F-16F7-4668-BE54-9A1E7A4F7556}") = "BookParadise", "BookParadise\BookParadise.csproj", "{F9014639-08CE-4FFB-B58C-03B986E899F4}"
EndProject
Project("{9A19103F-16F7-4668-BE54-9A1E7A4F7556}") = "BookParadise.Domain", "BookParadise.Domain\BookParadise.Domain.csproj", "{F77929E2-9C8A-4E00-80CD-D675A7C7F769}"
EndProject
Project("{9A19103F-16F7-4668-BE54-9A1E7A4F7556}") = "BookParadise.Persistence", "BookParadise.Persistence\BookParadise.Persistence.csproj", "{B41C7455-9D04-4A1F-86BF-8BB7A3B7B653}"
EndProject
Project("{9A19103F-16F7-4668-BE54-9A1E7A4F7556}") = "BookParadise.Common", "BookParadise.Common\BookParadise.Common.csproj", "{F4AF73A2-31BD-40F2-B1D7-8A08A9C4CF3C}"
EndProject
Project("{9A19103F-16F7-4668-BE54-9A1E7A4F7556}") = "BookParadise.Application", "BookParadise.Application\BookParadise.Application.csproj", "{655B2AF5-3F2F-4930-820D-544648DC0C75}"
EndProject
Global
	GlobalSection(SolutionConfigurationPlatforms) = preSolution
		Debug|Any CPU = Debug|Any CPU
		Release|Any CPU = Release|Any CPU
	EndGlobalSection
	GlobalSection(ProjectConfigurationPlatforms) = postSolution
		{F9014639-08CE-4FFB-B58C-03B986E899F4}.Debug|Any CPU.ActiveCfg = Debug|Any CPU
		{F9014639-08CE-4FFB-B58C-03B986E899F4}.Debug|Any CPU.Build.0 = Debug|Any CPU
		{F9014639-08CE-4FFB-B58C-03B986E899F4}.Release|Any CPU.ActiveCfg = Release|Any CPU
		{F9014639-08CE-4FFB-B58C-03B986E899F4}.Release|Any CPU.Build.0 = Release|Any CPU
		{F77929E2-9C8A-4E00-80CD-D675A7C7F769}.Debug|Any CPU.ActiveCfg = Debug|Any CPU
		{F77929E2-9C8A-4E00-80CD-D675A7C7F769}.Debug|Any CPU.Build.0 = Debug|Any CPU
		{F77929E2-9C8A-4E00-80CD-D675A7C7F769}.Release|Any CPU.ActiveCfg = Release|Any CPU
		{F77929E2-9C8A-4E00-80CD-D675A7C7F769}.Release|Any CPU.Build.0 = Release|Any CPU
		{B41C7455-9D04-4A1F-86BF-8BB7A3B7B653}.Debug|Any CPU.ActiveCfg = Debug|Any CPU
		{B41C7455-9D04-4A1F-86BF-8BB7A3B7B653}.Debug|Any CPU.Build.0 = Debug|Any CPU
		{B41C7455-9D04-4A1F-86BF-8BB7A3B7B653}.Release|Any CPU.ActiveCfg = Release|Any CPU
		{B41C7455-9D04-4A1F-86BF-8BB7A3B7B653}.Release|Any CPU.Build.0 = Release|Any CPU
		{F4AF73A2-31BD-40F2-B1D7-8A08A9C4CF3C}.Debug|Any CPU.ActiveCfg = Debug|Any CPU
		{F4AF73A2-31BD-40F2-B1D7-8A08A9C4CF3C}.Debug|Any CPU.Build.0 = Debug|Any CPU
		{F4AF73A2-31BD-40F2-B1D7-8A08A9C4CF3C}.Release|Any CPU.ActiveCfg = Release|Any CPU
		{F4AF73A2-31BD-40F2-B1D7-8A08A9C4CF3C}.Release|Any CPU.Build.0 = Release|Any CPU
		{655B2AF5-3F2F-4930-820D-544648DC0C75}.Debug|Any CPU.ActiveCfg = Debug|Any CPU
		{655B2AF5-3F2F-4930-820D-544648DC0C75}.Debug|Any CPU.Build.0 = Debug|Any CPU
		{655B2AF5-3F2F-4930-820D-544648DC0C75}.Release|Any CPU.ActiveCfg = Release|Any CPU
		{655B2AF5-3F2F-4930-820D-544648DC0C75}.Release|Any CPU.Build.0 = Release|Any CPU
	EndGlobalSection
	GlobalSection(SolutionProperties) = preSolution
		HideSolutionNode = FALSE
	EndGlobalSection
	GlobalSection(ExtensibilityGlobals) = postSolution
		SolutionGuid = {86526555-F9C5-4F97-B953-544AB2525D74}
	EndGlobalSection
EndGlobal
